// !$*UTF8*$!
{
	archiveVersion = 1;
	classes = {
	};
	objectVersion = 46;
	objects = {

/* Begin PBXBuildFile section */
		E44C2DC71C713DC800C47C56 /* Hands.swift in Sources */ = {isa = PBXBuildFile; fileRef = E44C2DC61C713DC800C47C56 /* Hands.swift */; };
		E44C2DC91C713E2800C47C56 /* HandsTests.swift in Sources */ = {isa = PBXBuildFile; fileRef = E44C2DC81C713E2800C47C56 /* HandsTests.swift */; };
		E45ED9601C6FC9A700FE3B95 /* TienLen.h in Headers */ = {isa = PBXBuildFile; fileRef = E45ED95F1C6FC9A700FE3B95 /* TienLen.h */; settings = {ATTRIBUTES = (Public, ); }; };
		E45ED9671C6FC9A700FE3B95 /* TienLen.framework in Frameworks */ = {isa = PBXBuildFile; fileRef = E45ED95C1C6FC9A700FE3B95 /* TienLen.framework */; };
		E45ED9841C6FCAB900FE3B95 /* TienLen.swift in Sources */ = {isa = PBXBuildFile; fileRef = E45ED9831C6FCAB900FE3B95 /* TienLen.swift */; };
		E45ED98D1C6FCBB700FE3B95 /* AppDelegate.swift in Sources */ = {isa = PBXBuildFile; fileRef = E45ED98C1C6FCBB700FE3B95 /* AppDelegate.swift */; };
		E45ED9961C6FCBB700FE3B95 /* Main.storyboard in Resources */ = {isa = PBXBuildFile; fileRef = E45ED9941C6FCBB700FE3B95 /* Main.storyboard */; };
		E45ED9981C6FCBB700FE3B95 /* Assets.xcassets in Resources */ = {isa = PBXBuildFile; fileRef = E45ED9971C6FCBB700FE3B95 /* Assets.xcassets */; };
		E45ED99B1C6FCBB700FE3B95 /* LaunchScreen.storyboard in Resources */ = {isa = PBXBuildFile; fileRef = E45ED9991C6FCBB700FE3B95 /* LaunchScreen.storyboard */; };
		E45ED9B01C6FCBF800FE3B95 /* TienLen.framework in Frameworks */ = {isa = PBXBuildFile; fileRef = E45ED95C1C6FC9A700FE3B95 /* TienLen.framework */; };
		E45ED9B11C6FCBF800FE3B95 /* TienLen.framework in Embed Frameworks */ = {isa = PBXBuildFile; fileRef = E45ED95C1C6FC9A700FE3B95 /* TienLen.framework */; settings = {ATTRIBUTES = (CodeSignOnCopy, RemoveHeadersOnCopy, ); }; };
		E45ED9C51C6FD77400FE3B95 /* TienLenTests.swift in Sources */ = {isa = PBXBuildFile; fileRef = E45ED9C41C6FD77400FE3B95 /* TienLenTests.swift */; };
		E45ED9D51C700DBE00FE3B95 /* PlayingCards.framework in Frameworks */ = {isa = PBXBuildFile; fileRef = E45ED9CB1C700DBE00FE3B95 /* PlayingCards.framework */; };
		E45ED9E91C700E6F00FE3B95 /* Card.swift in Sources */ = {isa = PBXBuildFile; fileRef = E45ED9E41C700E6F00FE3B95 /* Card.swift */; };
		E45ED9EA1C700E6F00FE3B95 /* Deck.swift in Sources */ = {isa = PBXBuildFile; fileRef = E45ED9E51C700E6F00FE3B95 /* Deck.swift */; };
		E45ED9EB1C700E6F00FE3B95 /* Game.swift in Sources */ = {isa = PBXBuildFile; fileRef = E45ED9E61C700E6F00FE3B95 /* Game.swift */; };
		E45ED9EC1C700E6F00FE3B95 /* Rank.swift in Sources */ = {isa = PBXBuildFile; fileRef = E45ED9E71C700E6F00FE3B95 /* Rank.swift */; };
		E45ED9ED1C700E6F00FE3B95 /* Suit.swift in Sources */ = {isa = PBXBuildFile; fileRef = E45ED9E81C700E6F00FE3B95 /* Suit.swift */; };
		E45ED9F41C700E8500FE3B95 /* CardTests.swift in Sources */ = {isa = PBXBuildFile; fileRef = E45ED9EF1C700E8500FE3B95 /* CardTests.swift */; };
		E45ED9F51C700E8500FE3B95 /* DeckTests.swift in Sources */ = {isa = PBXBuildFile; fileRef = E45ED9F01C700E8500FE3B95 /* DeckTests.swift */; };
		E45ED9F61C700E8500FE3B95 /* GameTests.swift in Sources */ = {isa = PBXBuildFile; fileRef = E45ED9F11C700E8500FE3B95 /* GameTests.swift */; };
		E45ED9F71C700E8500FE3B95 /* RankTests.swift in Sources */ = {isa = PBXBuildFile; fileRef = E45ED9F21C700E8500FE3B95 /* RankTests.swift */; };
		E45ED9F81C700E8500FE3B95 /* SuitTests.swift in Sources */ = {isa = PBXBuildFile; fileRef = E45ED9F31C700E8500FE3B95 /* SuitTests.swift */; };
		E45ED9F91C700EDC00FE3B95 /* PlayingCards.h in Headers */ = {isa = PBXBuildFile; fileRef = E45ED9CD1C700DBE00FE3B95 /* PlayingCards.h */; settings = {ATTRIBUTES = (Public, ); }; };
		E45ED9FA1C700EF800FE3B95 /* PlayingCards.framework in Frameworks */ = {isa = PBXBuildFile; fileRef = E45ED9CB1C700DBE00FE3B95 /* PlayingCards.framework */; };
		E45ED9FD1C70104900FE3B95 /* LibraryIntegrationTests.swift in Sources */ = {isa = PBXBuildFile; fileRef = E45ED9FC1C70104900FE3B95 /* LibraryIntegrationTests.swift */; };
/* End PBXBuildFile section */

/* Begin PBXContainerItemProxy section */
		E45ED9681C6FC9A700FE3B95 /* PBXContainerItemProxy */ = {
			isa = PBXContainerItemProxy;
			containerPortal = E45ED9531C6FC9A700FE3B95 /* Project object */;
			proxyType = 1;
			remoteGlobalIDString = E45ED95B1C6FC9A700FE3B95;
			remoteInfo = TienLen;
		};
		E45ED9A21C6FCBB700FE3B95 /* PBXContainerItemProxy */ = {
			isa = PBXContainerItemProxy;
			containerPortal = E45ED9531C6FC9A700FE3B95 /* Project object */;
			proxyType = 1;
			remoteGlobalIDString = E45ED9891C6FCBB700FE3B95;
			remoteInfo = Onward;
		};
		E45ED9B21C6FCBF800FE3B95 /* PBXContainerItemProxy */ = {
			isa = PBXContainerItemProxy;
			containerPortal = E45ED9531C6FC9A700FE3B95 /* Project object */;
			proxyType = 1;
			remoteGlobalIDString = E45ED95B1C6FC9A700FE3B95;
			remoteInfo = TienLen;
		};
		E45ED9D61C700DBE00FE3B95 /* PBXContainerItemProxy */ = {
			isa = PBXContainerItemProxy;
			containerPortal = E45ED9531C6FC9A700FE3B95 /* Project object */;
			proxyType = 1;
			remoteGlobalIDString = E45ED9CA1C700DBE00FE3B95;
			remoteInfo = PlayingCards;
		};
/* End PBXContainerItemProxy section */

/* Begin PBXCopyFilesBuildPhase section */
		E45ED9B41C6FCBF800FE3B95 /* Embed Frameworks */ = {
			isa = PBXCopyFilesBuildPhase;
			buildActionMask = 2147483647;
			dstPath = "";
			dstSubfolderSpec = 10;
			files = (
				E45ED9B11C6FCBF800FE3B95 /* TienLen.framework in Embed Frameworks */,
			);
			name = "Embed Frameworks";
			runOnlyForDeploymentPostprocessing = 0;
		};
/* End PBXCopyFilesBuildPhase section */

/* Begin PBXFileReference section */
		E44C2DC61C713DC800C47C56 /* Hands.swift */ = {isa = PBXFileReference; fileEncoding = 4; lastKnownFileType = sourcecode.swift; path = Hands.swift; sourceTree = "<group>"; };
		E44C2DC81C713E2800C47C56 /* HandsTests.swift */ = {isa = PBXFileReference; fileEncoding = 4; lastKnownFileType = sourcecode.swift; path = HandsTests.swift; sourceTree = "<group>"; };
		E45ED95C1C6FC9A700FE3B95 /* TienLen.framework */ = {isa = PBXFileReference; explicitFileType = wrapper.framework; includeInIndex = 0; path = TienLen.framework; sourceTree = BUILT_PRODUCTS_DIR; };
		E45ED95F1C6FC9A700FE3B95 /* TienLen.h */ = {isa = PBXFileReference; lastKnownFileType = sourcecode.c.h; lineEnding = 0; path = TienLen.h; sourceTree = "<group>"; xcLanguageSpecificationIdentifier = xcode.lang.objcpp; };
		E45ED9611C6FC9A700FE3B95 /* Info.plist */ = {isa = PBXFileReference; lastKnownFileType = text.plist.xml; path = Info.plist; sourceTree = "<group>"; };
		E45ED9661C6FC9A700FE3B95 /* TienLenTests.xctest */ = {isa = PBXFileReference; explicitFileType = wrapper.cfbundle; includeInIndex = 0; path = TienLenTests.xctest; sourceTree = BUILT_PRODUCTS_DIR; };
		E45ED96D1C6FC9A700FE3B95 /* Info.plist */ = {isa = PBXFileReference; lastKnownFileType = text.plist.xml; path = Info.plist; sourceTree = "<group>"; };
		E45ED9831C6FCAB900FE3B95 /* TienLen.swift */ = {isa = PBXFileReference; fileEncoding = 4; lastKnownFileType = sourcecode.swift; lineEnding = 0; path = TienLen.swift; sourceTree = "<group>"; xcLanguageSpecificationIdentifier = xcode.lang.swift; };
		E45ED98A1C6FCBB700FE3B95 /* Onward.app */ = {isa = PBXFileReference; explicitFileType = wrapper.application; includeInIndex = 0; path = Onward.app; sourceTree = BUILT_PRODUCTS_DIR; };
		E45ED98C1C6FCBB700FE3B95 /* AppDelegate.swift */ = {isa = PBXFileReference; lastKnownFileType = sourcecode.swift; path = AppDelegate.swift; sourceTree = "<group>"; };
		E45ED9951C6FCBB700FE3B95 /* Base */ = {isa = PBXFileReference; lastKnownFileType = file.storyboard; name = Base; path = Base.lproj/Main.storyboard; sourceTree = "<group>"; };
		E45ED9971C6FCBB700FE3B95 /* Assets.xcassets */ = {isa = PBXFileReference; lastKnownFileType = folder.assetcatalog; path = Assets.xcassets; sourceTree = "<group>"; };
		E45ED99A1C6FCBB700FE3B95 /* Base */ = {isa = PBXFileReference; lastKnownFileType = file.storyboard; name = Base; path = Base.lproj/LaunchScreen.storyboard; sourceTree = "<group>"; };
		E45ED99C1C6FCBB700FE3B95 /* Info.plist */ = {isa = PBXFileReference; lastKnownFileType = text.plist.xml; path = Info.plist; sourceTree = "<group>"; };
		E45ED9A11C6FCBB700FE3B95 /* OnwardTests.xctest */ = {isa = PBXFileReference; explicitFileType = wrapper.cfbundle; includeInIndex = 0; path = OnwardTests.xctest; sourceTree = BUILT_PRODUCTS_DIR; };
		E45ED9A71C6FCBB700FE3B95 /* Info.plist */ = {isa = PBXFileReference; lastKnownFileType = text.plist.xml; path = Info.plist; sourceTree = "<group>"; };
		E45ED9AE1C6FCBCC00FE3B95 /* Demo.playground */ = {isa = PBXFileReference; lastKnownFileType = file.playground; path = Demo.playground; sourceTree = "<group>"; };
		E45ED9B71C6FD1F100FE3B95 /* TienLenTests-Bridging-Header.h */ = {isa = PBXFileReference; lastKnownFileType = sourcecode.c.h; path = "TienLenTests-Bridging-Header.h"; sourceTree = "<group>"; };
		E45ED9C41C6FD77400FE3B95 /* TienLenTests.swift */ = {isa = PBXFileReference; fileEncoding = 4; lastKnownFileType = sourcecode.swift; lineEnding = 0; path = TienLenTests.swift; sourceTree = "<group>"; xcLanguageSpecificationIdentifier = xcode.lang.swift; };
		E45ED9CB1C700DBE00FE3B95 /* PlayingCards.framework */ = {isa = PBXFileReference; explicitFileType = wrapper.framework; includeInIndex = 0; path = PlayingCards.framework; sourceTree = BUILT_PRODUCTS_DIR; };
		E45ED9CD1C700DBE00FE3B95 /* PlayingCards.h */ = {isa = PBXFileReference; lastKnownFileType = sourcecode.c.h; path = PlayingCards.h; sourceTree = "<group>"; };
		E45ED9CF1C700DBE00FE3B95 /* Info.plist */ = {isa = PBXFileReference; lastKnownFileType = text.plist.xml; path = Info.plist; sourceTree = "<group>"; };
		E45ED9D41C700DBE00FE3B95 /* PlayingCardsTests.xctest */ = {isa = PBXFileReference; explicitFileType = wrapper.cfbundle; includeInIndex = 0; path = PlayingCardsTests.xctest; sourceTree = BUILT_PRODUCTS_DIR; };
		E45ED9DB1C700DBE00FE3B95 /* Info.plist */ = {isa = PBXFileReference; lastKnownFileType = text.plist.xml; path = Info.plist; sourceTree = "<group>"; };
		E45ED9E41C700E6F00FE3B95 /* Card.swift */ = {isa = PBXFileReference; fileEncoding = 4; lastKnownFileType = sourcecode.swift; lineEnding = 0; path = Card.swift; sourceTree = "<group>"; xcLanguageSpecificationIdentifier = xcode.lang.swift; };
		E45ED9E51C700E6F00FE3B95 /* Deck.swift */ = {isa = PBXFileReference; fileEncoding = 4; lastKnownFileType = sourcecode.swift; lineEnding = 0; path = Deck.swift; sourceTree = "<group>"; xcLanguageSpecificationIdentifier = xcode.lang.swift; };
		E45ED9E61C700E6F00FE3B95 /* Game.swift */ = {isa = PBXFileReference; fileEncoding = 4; lastKnownFileType = sourcecode.swift; lineEnding = 0; path = Game.swift; sourceTree = "<group>"; xcLanguageSpecificationIdentifier = xcode.lang.swift; };
		E45ED9E71C700E6F00FE3B95 /* Rank.swift */ = {isa = PBXFileReference; fileEncoding = 4; lastKnownFileType = sourcecode.swift; lineEnding = 0; path = Rank.swift; sourceTree = "<group>"; xcLanguageSpecificationIdentifier = xcode.lang.swift; };
		E45ED9E81C700E6F00FE3B95 /* Suit.swift */ = {isa = PBXFileReference; fileEncoding = 4; lastKnownFileType = sourcecode.swift; lineEnding = 0; path = Suit.swift; sourceTree = "<group>"; xcLanguageSpecificationIdentifier = xcode.lang.swift; };
		E45ED9EE1C700E8500FE3B95 /* PlayingCardsTests-Bridging-Header.h */ = {isa = PBXFileReference; lastKnownFileType = sourcecode.c.h; path = "PlayingCardsTests-Bridging-Header.h"; sourceTree = "<group>"; };
		E45ED9EF1C700E8500FE3B95 /* CardTests.swift */ = {isa = PBXFileReference; fileEncoding = 4; lastKnownFileType = sourcecode.swift; lineEnding = 0; path = CardTests.swift; sourceTree = "<group>"; xcLanguageSpecificationIdentifier = xcode.lang.swift; };
		E45ED9F01C700E8500FE3B95 /* DeckTests.swift */ = {isa = PBXFileReference; fileEncoding = 4; lastKnownFileType = sourcecode.swift; lineEnding = 0; path = DeckTests.swift; sourceTree = "<group>"; xcLanguageSpecificationIdentifier = xcode.lang.swift; };
		E45ED9F11C700E8500FE3B95 /* GameTests.swift */ = {isa = PBXFileReference; fileEncoding = 4; lastKnownFileType = sourcecode.swift; lineEnding = 0; path = GameTests.swift; sourceTree = "<group>"; xcLanguageSpecificationIdentifier = xcode.lang.swift; };
		E45ED9F21C700E8500FE3B95 /* RankTests.swift */ = {isa = PBXFileReference; fileEncoding = 4; lastKnownFileType = sourcecode.swift; lineEnding = 0; path = RankTests.swift; sourceTree = "<group>"; xcLanguageSpecificationIdentifier = xcode.lang.swift; };
		E45ED9F31C700E8500FE3B95 /* SuitTests.swift */ = {isa = PBXFileReference; fileEncoding = 4; lastKnownFileType = sourcecode.swift; lineEnding = 0; path = SuitTests.swift; sourceTree = "<group>"; xcLanguageSpecificationIdentifier = xcode.lang.swift; };
		E45ED9FB1C70104900FE3B95 /* OnwardTests-Bridging-Header.h */ = {isa = PBXFileReference; lastKnownFileType = sourcecode.c.h; path = "OnwardTests-Bridging-Header.h"; sourceTree = "<group>"; };
		E45ED9FC1C70104900FE3B95 /* LibraryIntegrationTests.swift */ = {isa = PBXFileReference; fileEncoding = 4; lastKnownFileType = sourcecode.swift; lineEnding = 0; path = LibraryIntegrationTests.swift; sourceTree = "<group>"; xcLanguageSpecificationIdentifier = xcode.lang.swift; };
/* End PBXFileReference section */

/* Begin PBXFrameworksBuildPhase section */
		E45ED9581C6FC9A700FE3B95 /* Frameworks */ = {
			isa = PBXFrameworksBuildPhase;
			buildActionMask = 2147483647;
			files = (
				E45ED9FA1C700EF800FE3B95 /* PlayingCards.framework in Frameworks */,
			);
			runOnlyForDeploymentPostprocessing = 0;
		};
		E45ED9631C6FC9A700FE3B95 /* Frameworks */ = {
			isa = PBXFrameworksBuildPhase;
			buildActionMask = 2147483647;
			files = (
				E45ED9671C6FC9A700FE3B95 /* TienLen.framework in Frameworks */,
			);
			runOnlyForDeploymentPostprocessing = 0;
		};
		E45ED9871C6FCBB700FE3B95 /* Frameworks */ = {
			isa = PBXFrameworksBuildPhase;
			buildActionMask = 2147483647;
			files = (
				E45ED9B01C6FCBF800FE3B95 /* TienLen.framework in Frameworks */,
			);
			runOnlyForDeploymentPostprocessing = 0;
		};
		E45ED99E1C6FCBB700FE3B95 /* Frameworks */ = {
			isa = PBXFrameworksBuildPhase;
			buildActionMask = 2147483647;
			files = (
			);
			runOnlyForDeploymentPostprocessing = 0;
		};
		E45ED9C71C700DBE00FE3B95 /* Frameworks */ = {
			isa = PBXFrameworksBuildPhase;
			buildActionMask = 2147483647;
			files = (
			);
			runOnlyForDeploymentPostprocessing = 0;
		};
		E45ED9D11C700DBE00FE3B95 /* Frameworks */ = {
			isa = PBXFrameworksBuildPhase;
			buildActionMask = 2147483647;
			files = (
				E45ED9D51C700DBE00FE3B95 /* PlayingCards.framework in Frameworks */,
			);
			runOnlyForDeploymentPostprocessing = 0;
		};
/* End PBXFrameworksBuildPhase section */

/* Begin PBXGroup section */
		E45ED9521C6FC9A700FE3B95 = {
			isa = PBXGroup;
			children = (
				E45ED98B1C6FCBB700FE3B95 /* Onward */,
				E45ED9A41C6FCBB700FE3B95 /* OnwardTests */,
				E45ED95E1C6FC9A700FE3B95 /* TienLen */,
				E45ED96A1C6FC9A700FE3B95 /* TienLenTests */,
				E45ED9CC1C700DBE00FE3B95 /* PlayingCards */,
				E45ED9D81C700DBE00FE3B95 /* PlayingCardsTests */,
				E45ED95D1C6FC9A700FE3B95 /* Products */,
			);
			sourceTree = "<group>";
		};
		E45ED95D1C6FC9A700FE3B95 /* Products */ = {
			isa = PBXGroup;
			children = (
				E45ED95C1C6FC9A700FE3B95 /* TienLen.framework */,
				E45ED9661C6FC9A700FE3B95 /* TienLenTests.xctest */,
				E45ED98A1C6FCBB700FE3B95 /* Onward.app */,
				E45ED9A11C6FCBB700FE3B95 /* OnwardTests.xctest */,
				E45ED9CB1C700DBE00FE3B95 /* PlayingCards.framework */,
				E45ED9D41C700DBE00FE3B95 /* PlayingCardsTests.xctest */,
			);
			name = Products;
			sourceTree = "<group>";
		};
		E45ED95E1C6FC9A700FE3B95 /* TienLen */ = {
			isa = PBXGroup;
			children = (
				E45ED9831C6FCAB900FE3B95 /* TienLen.swift */,
				E44C2DC61C713DC800C47C56 /* Hands.swift */,
				E45ED9781C6FC9DD00FE3B95 /* Supporting Files */,
			);
			path = TienLen;
			sourceTree = "<group>";
		};
		E45ED96A1C6FC9A700FE3B95 /* TienLenTests */ = {
			isa = PBXGroup;
			children = (
				E45ED9C41C6FD77400FE3B95 /* TienLenTests.swift */,
				E44C2DC81C713E2800C47C56 /* HandsTests.swift */,
				E45ED9791C6FC9E400FE3B95 /* Supporting Files */,
			);
			path = TienLenTests;
			sourceTree = "<group>";
		};
		E45ED9781C6FC9DD00FE3B95 /* Supporting Files */ = {
			isa = PBXGroup;
			children = (
				E45ED95F1C6FC9A700FE3B95 /* TienLen.h */,
				E45ED9611C6FC9A700FE3B95 /* Info.plist */,
			);
			name = "Supporting Files";
			sourceTree = "<group>";
		};
		E45ED9791C6FC9E400FE3B95 /* Supporting Files */ = {
			isa = PBXGroup;
			children = (
				E45ED9B71C6FD1F100FE3B95 /* TienLenTests-Bridging-Header.h */,
				E45ED96D1C6FC9A700FE3B95 /* Info.plist */,
			);
			name = "Supporting Files";
			sourceTree = "<group>";
		};
		E45ED98B1C6FCBB700FE3B95 /* Onward */ = {
			isa = PBXGroup;
			children = (
				E45ED98C1C6FCBB700FE3B95 /* AppDelegate.swift */,
				E45ED9B51C6FD09000FE3B95 /* Storyboards */,
				E45ED9B61C6FD09800FE3B95 /* Supporting Files */,
				E45ED9AE1C6FCBCC00FE3B95 /* Demo.playground */,
			);
			path = Onward;
			sourceTree = "<group>";
		};
		E45ED9A41C6FCBB700FE3B95 /* OnwardTests */ = {
			isa = PBXGroup;
			children = (
				E45ED9FC1C70104900FE3B95 /* LibraryIntegrationTests.swift */,
				E45ED9BA1C6FD22400FE3B95 /* Supporting Files */,
			);
			path = OnwardTests;
			sourceTree = "<group>";
		};
		E45ED9B51C6FD09000FE3B95 /* Storyboards */ = {
			isa = PBXGroup;
			children = (
				E45ED9941C6FCBB700FE3B95 /* Main.storyboard */,
				E45ED9991C6FCBB700FE3B95 /* LaunchScreen.storyboard */,
			);
			name = Storyboards;
			sourceTree = "<group>";
		};
		E45ED9B61C6FD09800FE3B95 /* Supporting Files */ = {
			isa = PBXGroup;
			children = (
				E45ED9971C6FCBB700FE3B95 /* Assets.xcassets */,
				E45ED99C1C6FCBB700FE3B95 /* Info.plist */,
			);
			name = "Supporting Files";
			sourceTree = "<group>";
		};
		E45ED9BA1C6FD22400FE3B95 /* Supporting Files */ = {
			isa = PBXGroup;
			children = (
				E45ED9FB1C70104900FE3B95 /* OnwardTests-Bridging-Header.h */,
				E45ED9A71C6FCBB700FE3B95 /* Info.plist */,
			);
			name = "Supporting Files";
			sourceTree = "<group>";
		};
		E45ED9CC1C700DBE00FE3B95 /* PlayingCards */ = {
			isa = PBXGroup;
			children = (
				E45ED9E41C700E6F00FE3B95 /* Card.swift */,
				E45ED9E51C700E6F00FE3B95 /* Deck.swift */,
				E45ED9E61C700E6F00FE3B95 /* Game.swift */,
				E45ED9E71C700E6F00FE3B95 /* Rank.swift */,
				E45ED9E81C700E6F00FE3B95 /* Suit.swift */,
				E45ED9E21C700DD200FE3B95 /* Supporting Files */,
			);
			path = PlayingCards;
			sourceTree = "<group>";
		};
		E45ED9D81C700DBE00FE3B95 /* PlayingCardsTests */ = {
			isa = PBXGroup;
			children = (
				E45ED9EF1C700E8500FE3B95 /* CardTests.swift */,
				E45ED9F01C700E8500FE3B95 /* DeckTests.swift */,
				E45ED9F11C700E8500FE3B95 /* GameTests.swift */,
				E45ED9F21C700E8500FE3B95 /* RankTests.swift */,
				E45ED9F31C700E8500FE3B95 /* SuitTests.swift */,
				E45ED9E31C700DE500FE3B95 /* Supporting Files */,
			);
			path = PlayingCardsTests;
			sourceTree = "<group>";
		};
		E45ED9E21C700DD200FE3B95 /* Supporting Files */ = {
			isa = PBXGroup;
			children = (
				E45ED9CD1C700DBE00FE3B95 /* PlayingCards.h */,
				E45ED9CF1C700DBE00FE3B95 /* Info.plist */,
			);
			name = "Supporting Files";
			sourceTree = "<group>";
		};
		E45ED9E31C700DE500FE3B95 /* Supporting Files */ = {
			isa = PBXGroup;
			children = (
				E45ED9EE1C700E8500FE3B95 /* PlayingCardsTests-Bridging-Header.h */,
				E45ED9DB1C700DBE00FE3B95 /* Info.plist */,
			);
			name = "Supporting Files";
			sourceTree = "<group>";
		};
/* End PBXGroup section */

/* Begin PBXHeadersBuildPhase section */
		E45ED9591C6FC9A700FE3B95 /* Headers */ = {
			isa = PBXHeadersBuildPhase;
			buildActionMask = 2147483647;
			files = (
				E45ED9601C6FC9A700FE3B95 /* TienLen.h in Headers */,
			);
			runOnlyForDeploymentPostprocessing = 0;
		};
		E45ED9C81C700DBE00FE3B95 /* Headers */ = {
			isa = PBXHeadersBuildPhase;
			buildActionMask = 2147483647;
			files = (
				E45ED9F91C700EDC00FE3B95 /* PlayingCards.h in Headers */,
			);
			runOnlyForDeploymentPostprocessing = 0;
		};
/* End PBXHeadersBuildPhase section */

/* Begin PBXNativeTarget section */
		E45ED95B1C6FC9A700FE3B95 /* TienLen */ = {
			isa = PBXNativeTarget;
			buildConfigurationList = E45ED9701C6FC9A700FE3B95 /* Build configuration list for PBXNativeTarget "TienLen" */;
			buildPhases = (
				E45ED9571C6FC9A700FE3B95 /* Sources */,
				E45ED9581C6FC9A700FE3B95 /* Frameworks */,
				E45ED9591C6FC9A700FE3B95 /* Headers */,
				E45ED95A1C6FC9A700FE3B95 /* Resources */,
			);
			buildRules = (
			);
			dependencies = (
			);
			name = TienLen;
			productName = TienLen;
			productReference = E45ED95C1C6FC9A700FE3B95 /* TienLen.framework */;
			productType = "com.apple.product-type.framework";
		};
		E45ED9651C6FC9A700FE3B95 /* TienLenTests */ = {
			isa = PBXNativeTarget;
			buildConfigurationList = E45ED9731C6FC9A700FE3B95 /* Build configuration list for PBXNativeTarget "TienLenTests" */;
			buildPhases = (
				E45ED9621C6FC9A700FE3B95 /* Sources */,
				E45ED9631C6FC9A700FE3B95 /* Frameworks */,
				E45ED9641C6FC9A700FE3B95 /* Resources */,
			);
			buildRules = (
			);
			dependencies = (
				E45ED9691C6FC9A700FE3B95 /* PBXTargetDependency */,
			);
			name = TienLenTests;
			productName = TienLenTests;
			productReference = E45ED9661C6FC9A700FE3B95 /* TienLenTests.xctest */;
			productType = "com.apple.product-type.bundle.unit-test";
		};
		E45ED9891C6FCBB700FE3B95 /* Onward */ = {
			isa = PBXNativeTarget;
			buildConfigurationList = E45ED9A81C6FCBB700FE3B95 /* Build configuration list for PBXNativeTarget "Onward" */;
			buildPhases = (
				E45ED9861C6FCBB700FE3B95 /* Sources */,
				E45ED9871C6FCBB700FE3B95 /* Frameworks */,
				E45ED9881C6FCBB700FE3B95 /* Resources */,
				E45ED9B41C6FCBF800FE3B95 /* Embed Frameworks */,
			);
			buildRules = (
			);
			dependencies = (
				E45ED9B31C6FCBF800FE3B95 /* PBXTargetDependency */,
			);
			name = Onward;
			productName = Onward;
			productReference = E45ED98A1C6FCBB700FE3B95 /* Onward.app */;
			productType = "com.apple.product-type.application";
		};
		E45ED9A01C6FCBB700FE3B95 /* OnwardTests */ = {
			isa = PBXNativeTarget;
			buildConfigurationList = E45ED9AB1C6FCBB700FE3B95 /* Build configuration list for PBXNativeTarget "OnwardTests" */;
			buildPhases = (
				E45ED99D1C6FCBB700FE3B95 /* Sources */,
				E45ED99E1C6FCBB700FE3B95 /* Frameworks */,
				E45ED99F1C6FCBB700FE3B95 /* Resources */,
			);
			buildRules = (
			);
			dependencies = (
				E45ED9A31C6FCBB700FE3B95 /* PBXTargetDependency */,
			);
			name = OnwardTests;
			productName = OnwardTests;
			productReference = E45ED9A11C6FCBB700FE3B95 /* OnwardTests.xctest */;
			productType = "com.apple.product-type.bundle.unit-test";
		};
		E45ED9CA1C700DBE00FE3B95 /* PlayingCards */ = {
			isa = PBXNativeTarget;
			buildConfigurationList = E45ED9DC1C700DBE00FE3B95 /* Build configuration list for PBXNativeTarget "PlayingCards" */;
			buildPhases = (
				E45ED9C61C700DBE00FE3B95 /* Sources */,
				E45ED9C71C700DBE00FE3B95 /* Frameworks */,
				E45ED9C81C700DBE00FE3B95 /* Headers */,
				E45ED9C91C700DBE00FE3B95 /* Resources */,
			);
			buildRules = (
			);
			dependencies = (
			);
			name = PlayingCards;
			productName = PlayingCards;
			productReference = E45ED9CB1C700DBE00FE3B95 /* PlayingCards.framework */;
			productType = "com.apple.product-type.framework";
		};
		E45ED9D31C700DBE00FE3B95 /* PlayingCardsTests */ = {
			isa = PBXNativeTarget;
			buildConfigurationList = E45ED9DF1C700DBE00FE3B95 /* Build configuration list for PBXNativeTarget "PlayingCardsTests" */;
			buildPhases = (
				E45ED9D01C700DBE00FE3B95 /* Sources */,
				E45ED9D11C700DBE00FE3B95 /* Frameworks */,
				E45ED9D21C700DBE00FE3B95 /* Resources */,
			);
			buildRules = (
			);
			dependencies = (
				E45ED9D71C700DBE00FE3B95 /* PBXTargetDependency */,
			);
			name = PlayingCardsTests;
			productName = PlayingCardsTests;
			productReference = E45ED9D41C700DBE00FE3B95 /* PlayingCardsTests.xctest */;
			productType = "com.apple.product-type.bundle.unit-test";
		};
/* End PBXNativeTarget section */

/* Begin PBXProject section */
		E45ED9531C6FC9A700FE3B95 /* Project object */ = {
			isa = PBXProject;
			attributes = {
				LastSwiftUpdateCheck = 0720;
				LastUpgradeCheck = 0720;
				ORGANIZATIONNAME = Panko;
				TargetAttributes = {
					E45ED95B1C6FC9A700FE3B95 = {
						CreatedOnToolsVersion = 7.2.1;
					};
					E45ED9651C6FC9A700FE3B95 = {
						CreatedOnToolsVersion = 7.2.1;
					};
					E45ED9891C6FCBB700FE3B95 = {
						CreatedOnToolsVersion = 7.2.1;
					};
					E45ED9A01C6FCBB700FE3B95 = {
						CreatedOnToolsVersion = 7.2.1;
						TestTargetID = E45ED9891C6FCBB700FE3B95;
					};
					E45ED9CA1C700DBE00FE3B95 = {
						CreatedOnToolsVersion = 7.2.1;
					};
					E45ED9D31C700DBE00FE3B95 = {
						CreatedOnToolsVersion = 7.2.1;
					};
				};
			};
			buildConfigurationList = E45ED9561C6FC9A700FE3B95 /* Build configuration list for PBXProject "TienLen" */;
			compatibilityVersion = "Xcode 3.2";
			developmentRegion = English;
			hasScannedForEncodings = 0;
			knownRegions = (
				en,
				Base,
			);
			mainGroup = E45ED9521C6FC9A700FE3B95;
			productRefGroup = E45ED95D1C6FC9A700FE3B95 /* Products */;
			projectDirPath = "";
			projectRoot = "";
			targets = (
				E45ED95B1C6FC9A700FE3B95 /* TienLen */,
				E45ED9651C6FC9A700FE3B95 /* TienLenTests */,
				E45ED9891C6FCBB700FE3B95 /* Onward */,
				E45ED9A01C6FCBB700FE3B95 /* OnwardTests */,
				E45ED9CA1C700DBE00FE3B95 /* PlayingCards */,
				E45ED9D31C700DBE00FE3B95 /* PlayingCardsTests */,
			);
		};
/* End PBXProject section */

/* Begin PBXResourcesBuildPhase section */
		E45ED95A1C6FC9A700FE3B95 /* Resources */ = {
			isa = PBXResourcesBuildPhase;
			buildActionMask = 2147483647;
			files = (
			);
			runOnlyForDeploymentPostprocessing = 0;
		};
		E45ED9641C6FC9A700FE3B95 /* Resources */ = {
			isa = PBXResourcesBuildPhase;
			buildActionMask = 2147483647;
			files = (
			);
			runOnlyForDeploymentPostprocessing = 0;
		};
		E45ED9881C6FCBB700FE3B95 /* Resources */ = {
			isa = PBXResourcesBuildPhase;
			buildActionMask = 2147483647;
			files = (
				E45ED99B1C6FCBB700FE3B95 /* LaunchScreen.storyboard in Resources */,
				E45ED9981C6FCBB700FE3B95 /* Assets.xcassets in Resources */,
				E45ED9961C6FCBB700FE3B95 /* Main.storyboard in Resources */,
			);
			runOnlyForDeploymentPostprocessing = 0;
		};
		E45ED99F1C6FCBB700FE3B95 /* Resources */ = {
			isa = PBXResourcesBuildPhase;
			buildActionMask = 2147483647;
			files = (
			);
			runOnlyForDeploymentPostprocessing = 0;
		};
		E45ED9C91C700DBE00FE3B95 /* Resources */ = {
			isa = PBXResourcesBuildPhase;
			buildActionMask = 2147483647;
			files = (
			);
			runOnlyForDeploymentPostprocessing = 0;
		};
		E45ED9D21C700DBE00FE3B95 /* Resources */ = {
			isa = PBXResourcesBuildPhase;
			buildActionMask = 2147483647;
			files = (
			);
			runOnlyForDeploymentPostprocessing = 0;
		};
/* End PBXResourcesBuildPhase section */

/* Begin PBXSourcesBuildPhase section */
		E45ED9571C6FC9A700FE3B95 /* Sources */ = {
			isa = PBXSourcesBuildPhase;
			buildActionMask = 2147483647;
			files = (
				E44C2DC71C713DC800C47C56 /* Hands.swift in Sources */,
				E45ED9841C6FCAB900FE3B95 /* TienLen.swift in Sources */,
			);
			runOnlyForDeploymentPostprocessing = 0;
		};
		E45ED9621C6FC9A700FE3B95 /* Sources */ = {
			isa = PBXSourcesBuildPhase;
			buildActionMask = 2147483647;
			files = (
				E44C2DC91C713E2800C47C56 /* HandsTests.swift in Sources */,
				E45ED9C51C6FD77400FE3B95 /* TienLenTests.swift in Sources */,
			);
			runOnlyForDeploymentPostprocessing = 0;
		};
		E45ED9861C6FCBB700FE3B95 /* Sources */ = {
			isa = PBXSourcesBuildPhase;
			buildActionMask = 2147483647;
			files = (
				E45ED98D1C6FCBB700FE3B95 /* AppDelegate.swift in Sources */,
			);
			runOnlyForDeploymentPostprocessing = 0;
		};
		E45ED99D1C6FCBB700FE3B95 /* Sources */ = {
			isa = PBXSourcesBuildPhase;
			buildActionMask = 2147483647;
			files = (
				E45ED9FD1C70104900FE3B95 /* LibraryIntegrationTests.swift in Sources */,
			);
			runOnlyForDeploymentPostprocessing = 0;
		};
		E45ED9C61C700DBE00FE3B95 /* Sources */ = {
			isa = PBXSourcesBuildPhase;
			buildActionMask = 2147483647;
			files = (
				E45ED9EA1C700E6F00FE3B95 /* Deck.swift in Sources */,
				E45ED9ED1C700E6F00FE3B95 /* Suit.swift in Sources */,
				E45ED9EC1C700E6F00FE3B95 /* Rank.swift in Sources */,
				E45ED9EB1C700E6F00FE3B95 /* Game.swift in Sources */,
				E45ED9E91C700E6F00FE3B95 /* Card.swift in Sources */,
			);
			runOnlyForDeploymentPostprocessing = 0;
		};
		E45ED9D01C700DBE00FE3B95 /* Sources */ = {
			isa = PBXSourcesBuildPhase;
			buildActionMask = 2147483647;
			files = (
				E45ED9F51C700E8500FE3B95 /* DeckTests.swift in Sources */,
				E45ED9F71C700E8500FE3B95 /* RankTests.swift in Sources */,
				E45ED9F81C700E8500FE3B95 /* SuitTests.swift in Sources */,
				E45ED9F61C700E8500FE3B95 /* GameTests.swift in Sources */,
				E45ED9F41C700E8500FE3B95 /* CardTests.swift in Sources */,
			);
			runOnlyForDeploymentPostprocessing = 0;
		};
/* End PBXSourcesBuildPhase section */

/* Begin PBXTargetDependency section */
		E45ED9691C6FC9A700FE3B95 /* PBXTargetDependency */ = {
			isa = PBXTargetDependency;
			target = E45ED95B1C6FC9A700FE3B95 /* TienLen */;
			targetProxy = E45ED9681C6FC9A700FE3B95 /* PBXContainerItemProxy */;
		};
		E45ED9A31C6FCBB700FE3B95 /* PBXTargetDependency */ = {
			isa = PBXTargetDependency;
			target = E45ED9891C6FCBB700FE3B95 /* Onward */;
			targetProxy = E45ED9A21C6FCBB700FE3B95 /* PBXContainerItemProxy */;
		};
		E45ED9B31C6FCBF800FE3B95 /* PBXTargetDependency */ = {
			isa = PBXTargetDependency;
			target = E45ED95B1C6FC9A700FE3B95 /* TienLen */;
			targetProxy = E45ED9B21C6FCBF800FE3B95 /* PBXContainerItemProxy */;
		};
		E45ED9D71C700DBE00FE3B95 /* PBXTargetDependency */ = {
			isa = PBXTargetDependency;
			target = E45ED9CA1C700DBE00FE3B95 /* PlayingCards */;
			targetProxy = E45ED9D61C700DBE00FE3B95 /* PBXContainerItemProxy */;
		};
/* End PBXTargetDependency section */

/* Begin PBXVariantGroup section */
		E45ED9941C6FCBB700FE3B95 /* Main.storyboard */ = {
			isa = PBXVariantGroup;
			children = (
				E45ED9951C6FCBB700FE3B95 /* Base */,
			);
			name = Main.storyboard;
			sourceTree = "<group>";
		};
		E45ED9991C6FCBB700FE3B95 /* LaunchScreen.storyboard */ = {
			isa = PBXVariantGroup;
			children = (
				E45ED99A1C6FCBB700FE3B95 /* Base */,
			);
			name = LaunchScreen.storyboard;
			sourceTree = "<group>";
		};
/* End PBXVariantGroup section */

/* Begin XCBuildConfiguration section */
		E45ED96E1C6FC9A700FE3B95 /* Debug */ = {
			isa = XCBuildConfiguration;
			buildSettings = {
				ALWAYS_SEARCH_USER_PATHS = NO;
				CLANG_CXX_LANGUAGE_STANDARD = "gnu++0x";
				CLANG_CXX_LIBRARY = "libc++";
				CLANG_ENABLE_MODULES = YES;
				CLANG_ENABLE_OBJC_ARC = YES;
				CLANG_WARN_BOOL_CONVERSION = YES;
				CLANG_WARN_CONSTANT_CONVERSION = YES;
				CLANG_WARN_DIRECT_OBJC_ISA_USAGE = YES_ERROR;
				CLANG_WARN_EMPTY_BODY = YES;
				CLANG_WARN_ENUM_CONVERSION = YES;
				CLANG_WARN_INT_CONVERSION = YES;
				CLANG_WARN_OBJC_ROOT_CLASS = YES_ERROR;
				CLANG_WARN_UNREACHABLE_CODE = YES;
				CLANG_WARN__DUPLICATE_METHOD_MATCH = YES;
				"CODE_SIGN_IDENTITY[sdk=iphoneos*]" = "iPhone Developer";
				COPY_PHASE_STRIP = NO;
				CURRENT_PROJECT_VERSION = 1;
				DEBUG_INFORMATION_FORMAT = dwarf;
				ENABLE_STRICT_OBJC_MSGSEND = YES;
				ENABLE_TESTABILITY = YES;
				GCC_C_LANGUAGE_STANDARD = gnu99;
				GCC_DYNAMIC_NO_PIC = NO;
				GCC_NO_COMMON_BLOCKS = YES;
				GCC_OPTIMIZATION_LEVEL = 0;
				GCC_PREPROCESSOR_DEFINITIONS = (
					"DEBUG=1",
					"$(inherited)",
				);
				GCC_WARN_64_TO_32_BIT_CONVERSION = YES;
				GCC_WARN_ABOUT_RETURN_TYPE = YES_ERROR;
				GCC_WARN_UNDECLARED_SELECTOR = YES;
				GCC_WARN_UNINITIALIZED_AUTOS = YES_AGGRESSIVE;
				GCC_WARN_UNUSED_FUNCTION = YES;
				GCC_WARN_UNUSED_VARIABLE = YES;
				IPHONEOS_DEPLOYMENT_TARGET = 9.2;
				MTL_ENABLE_DEBUG_INFO = YES;
				ONLY_ACTIVE_ARCH = YES;
				SDKROOT = iphoneos;
				SWIFT_OPTIMIZATION_LEVEL = "-Onone";
				TARGETED_DEVICE_FAMILY = "1,2";
				VERSIONING_SYSTEM = "apple-generic";
				VERSION_INFO_PREFIX = "";
			};
			name = Debug;
		};
		E45ED96F1C6FC9A700FE3B95 /* Release */ = {
			isa = XCBuildConfiguration;
			buildSettings = {
				ALWAYS_SEARCH_USER_PATHS = NO;
				CLANG_CXX_LANGUAGE_STANDARD = "gnu++0x";
				CLANG_CXX_LIBRARY = "libc++";
				CLANG_ENABLE_MODULES = YES;
				CLANG_ENABLE_OBJC_ARC = YES;
				CLANG_WARN_BOOL_CONVERSION = YES;
				CLANG_WARN_CONSTANT_CONVERSION = YES;
				CLANG_WARN_DIRECT_OBJC_ISA_USAGE = YES_ERROR;
				CLANG_WARN_EMPTY_BODY = YES;
				CLANG_WARN_ENUM_CONVERSION = YES;
				CLANG_WARN_INT_CONVERSION = YES;
				CLANG_WARN_OBJC_ROOT_CLASS = YES_ERROR;
				CLANG_WARN_UNREACHABLE_CODE = YES;
				CLANG_WARN__DUPLICATE_METHOD_MATCH = YES;
				"CODE_SIGN_IDENTITY[sdk=iphoneos*]" = "iPhone Developer";
				COPY_PHASE_STRIP = NO;
				CURRENT_PROJECT_VERSION = 1;
				DEBUG_INFORMATION_FORMAT = "dwarf-with-dsym";
				ENABLE_NS_ASSERTIONS = NO;
				ENABLE_STRICT_OBJC_MSGSEND = YES;
				GCC_C_LANGUAGE_STANDARD = gnu99;
				GCC_NO_COMMON_BLOCKS = YES;
				GCC_WARN_64_TO_32_BIT_CONVERSION = YES;
				GCC_WARN_ABOUT_RETURN_TYPE = YES_ERROR;
				GCC_WARN_UNDECLARED_SELECTOR = YES;
				GCC_WARN_UNINITIALIZED_AUTOS = YES_AGGRESSIVE;
				GCC_WARN_UNUSED_FUNCTION = YES;
				GCC_WARN_UNUSED_VARIABLE = YES;
				IPHONEOS_DEPLOYMENT_TARGET = 9.2;
				MTL_ENABLE_DEBUG_INFO = NO;
				SDKROOT = iphoneos;
				TARGETED_DEVICE_FAMILY = "1,2";
				VALIDATE_PRODUCT = YES;
				VERSIONING_SYSTEM = "apple-generic";
				VERSION_INFO_PREFIX = "";
			};
			name = Release;
		};
		E45ED9711C6FC9A700FE3B95 /* Debug */ = {
			isa = XCBuildConfiguration;
			buildSettings = {
				CLANG_ENABLE_MODULES = YES;
				DEFINES_MODULE = YES;
				DYLIB_COMPATIBILITY_VERSION = 1;
				DYLIB_CURRENT_VERSION = 1;
				DYLIB_INSTALL_NAME_BASE = "@rpath";
				INFOPLIST_FILE = TienLen/Info.plist;
				INSTALL_PATH = "$(LOCAL_LIBRARY_DIR)/Frameworks";
				LD_RUNPATH_SEARCH_PATHS = "$(inherited) @executable_path/Frameworks @loader_path/Frameworks";
				PRODUCT_BUNDLE_IDENTIFIER = me.panko.TienLen;
				PRODUCT_NAME = "$(TARGET_NAME)";
				SKIP_INSTALL = YES;
				SWIFT_OPTIMIZATION_LEVEL = "-Onone";
			};
			name = Debug;
		};
		E45ED9721C6FC9A700FE3B95 /* Release */ = {
			isa = XCBuildConfiguration;
			buildSettings = {
				CLANG_ENABLE_MODULES = YES;
				DEFINES_MODULE = YES;
				DYLIB_COMPATIBILITY_VERSION = 1;
				DYLIB_CURRENT_VERSION = 1;
				DYLIB_INSTALL_NAME_BASE = "@rpath";
				INFOPLIST_FILE = TienLen/Info.plist;
				INSTALL_PATH = "$(LOCAL_LIBRARY_DIR)/Frameworks";
				LD_RUNPATH_SEARCH_PATHS = "$(inherited) @executable_path/Frameworks @loader_path/Frameworks";
				PRODUCT_BUNDLE_IDENTIFIER = me.panko.TienLen;
				PRODUCT_NAME = "$(TARGET_NAME)";
				SKIP_INSTALL = YES;
			};
			name = Release;
		};
		E45ED9741C6FC9A700FE3B95 /* Debug */ = {
			isa = XCBuildConfiguration;
			buildSettings = {
				CLANG_ENABLE_MODULES = YES;
				INFOPLIST_FILE = TienLenTests/Info.plist;
				LD_RUNPATH_SEARCH_PATHS = "$(inherited) @executable_path/Frameworks @loader_path/Frameworks";
				PRODUCT_BUNDLE_IDENTIFIER = me.panko.TienLenTests;
				PRODUCT_NAME = "$(TARGET_NAME)";
				SWIFT_OBJC_BRIDGING_HEADER = "TienLenTests/TienLenTests-Bridging-Header.h";
				SWIFT_OPTIMIZATION_LEVEL = "-Onone";
			};
			name = Debug;
		};
		E45ED9751C6FC9A700FE3B95 /* Release */ = {
			isa = XCBuildConfiguration;
			buildSettings = {
				CLANG_ENABLE_MODULES = YES;
				INFOPLIST_FILE = TienLenTests/Info.plist;
				LD_RUNPATH_SEARCH_PATHS = "$(inherited) @executable_path/Frameworks @loader_path/Frameworks";
				PRODUCT_BUNDLE_IDENTIFIER = me.panko.TienLenTests;
				PRODUCT_NAME = "$(TARGET_NAME)";
				SWIFT_OBJC_BRIDGING_HEADER = "TienLenTests/TienLenTests-Bridging-Header.h";
			};
			name = Release;
		};
		E45ED9A91C6FCBB700FE3B95 /* Debug */ = {
			isa = XCBuildConfiguration;
			buildSettings = {
				ASSETCATALOG_COMPILER_APPICON_NAME = AppIcon;
				DEBUG_INFORMATION_FORMAT = "dwarf-with-dsym";
				EMBEDDED_CONTENT_CONTAINS_SWIFT = YES;
				INFOPLIST_FILE = Onward/Info.plist;
				LD_RUNPATH_SEARCH_PATHS = "$(inherited) @executable_path/Frameworks";
				PRODUCT_BUNDLE_IDENTIFIER = me.panko.Onward;
				PRODUCT_NAME = "$(TARGET_NAME)";
			};
			name = Debug;
		};
		E45ED9AA1C6FCBB700FE3B95 /* Release */ = {
			isa = XCBuildConfiguration;
			buildSettings = {
				ASSETCATALOG_COMPILER_APPICON_NAME = AppIcon;
				EMBEDDED_CONTENT_CONTAINS_SWIFT = YES;
				INFOPLIST_FILE = Onward/Info.plist;
				LD_RUNPATH_SEARCH_PATHS = "$(inherited) @executable_path/Frameworks";
				PRODUCT_BUNDLE_IDENTIFIER = me.panko.Onward;
				PRODUCT_NAME = "$(TARGET_NAME)";
			};
			name = Release;
		};
		E45ED9AC1C6FCBB700FE3B95 /* Debug */ = {
			isa = XCBuildConfiguration;
			buildSettings = {
				BUNDLE_LOADER = "$(TEST_HOST)";
				CLANG_ENABLE_MODULES = YES;
				INFOPLIST_FILE = OnwardTests/Info.plist;
				LD_RUNPATH_SEARCH_PATHS = "$(inherited) @executable_path/Frameworks @loader_path/Frameworks";
				PRODUCT_BUNDLE_IDENTIFIER = me.panko.OnwardTests;
				PRODUCT_NAME = "$(TARGET_NAME)";
				SWIFT_OBJC_BRIDGING_HEADER = "OnwardTests/OnwardTests-Bridging-Header.h";
				SWIFT_OPTIMIZATION_LEVEL = "-Onone";
				TEST_HOST = "$(BUILT_PRODUCTS_DIR)/Onward.app/Onward";
			};
			name = Debug;
		};
		E45ED9AD1C6FCBB700FE3B95 /* Release */ = {
			isa = XCBuildConfiguration;
			buildSettings = {
				BUNDLE_LOADER = "$(TEST_HOST)";
				CLANG_ENABLE_MODULES = YES;
				INFOPLIST_FILE = OnwardTests/Info.plist;
				LD_RUNPATH_SEARCH_PATHS = "$(inherited) @executable_path/Frameworks @loader_path/Frameworks";
				PRODUCT_BUNDLE_IDENTIFIER = me.panko.OnwardTests;
				PRODUCT_NAME = "$(TARGET_NAME)";
				SWIFT_OBJC_BRIDGING_HEADER = "OnwardTests/OnwardTests-Bridging-Header.h";
				TEST_HOST = "$(BUILT_PRODUCTS_DIR)/Onward.app/Onward";
			};
			name = Release;
		};
		E45ED9DD1C700DBE00FE3B95 /* Debug */ = {
			isa = XCBuildConfiguration;
			buildSettings = {
				CLANG_ENABLE_MODULES = YES;
				DEFINES_MODULE = YES;
				DYLIB_COMPATIBILITY_VERSION = 1;
				DYLIB_CURRENT_VERSION = 1;
				DYLIB_INSTALL_NAME_BASE = "@rpath";
				INFOPLIST_FILE = PlayingCards/Info.plist;
				INSTALL_PATH = "$(LOCAL_LIBRARY_DIR)/Frameworks";
				LD_RUNPATH_SEARCH_PATHS = "$(inherited) @executable_path/Frameworks @loader_path/Frameworks";
				PRODUCT_BUNDLE_IDENTIFIER = me.panko.PlayingCards;
				PRODUCT_NAME = "$(TARGET_NAME)";
				SKIP_INSTALL = YES;
				SWIFT_OPTIMIZATION_LEVEL = "-Onone";
			};
			name = Debug;
		};
		E45ED9DE1C700DBE00FE3B95 /* Release */ = {
			isa = XCBuildConfiguration;
			buildSettings = {
				CLANG_ENABLE_MODULES = YES;
				DEFINES_MODULE = YES;
				DYLIB_COMPATIBILITY_VERSION = 1;
				DYLIB_CURRENT_VERSION = 1;
				DYLIB_INSTALL_NAME_BASE = "@rpath";
				INFOPLIST_FILE = PlayingCards/Info.plist;
				INSTALL_PATH = "$(LOCAL_LIBRARY_DIR)/Frameworks";
				LD_RUNPATH_SEARCH_PATHS = "$(inherited) @executable_path/Frameworks @loader_path/Frameworks";
				PRODUCT_BUNDLE_IDENTIFIER = me.panko.PlayingCards;
				PRODUCT_NAME = "$(TARGET_NAME)";
				SKIP_INSTALL = YES;
			};
			name = Release;
		};
		E45ED9E01C700DBE00FE3B95 /* Debug */ = {
			isa = XCBuildConfiguration;
			buildSettings = {
				CLANG_ENABLE_MODULES = YES;
				INFOPLIST_FILE = PlayingCardsTests/Info.plist;
				LD_RUNPATH_SEARCH_PATHS = "$(inherited) @executable_path/Frameworks @loader_path/Frameworks";
				PRODUCT_BUNDLE_IDENTIFIER = me.panko.PlayingCardsTests;
				PRODUCT_NAME = "$(TARGET_NAME)";
				SWIFT_OBJC_BRIDGING_HEADER = "PlayingCardsTests/PlayingCardsTests-Bridging-Header.h";
				SWIFT_OPTIMIZATION_LEVEL = "-Onone";
			};
			name = Debug;
		};
		E45ED9E11C700DBE00FE3B95 /* Release */ = {
			isa = XCBuildConfiguration;
			buildSettings = {
				CLANG_ENABLE_MODULES = YES;
				INFOPLIST_FILE = PlayingCardsTests/Info.plist;
				LD_RUNPATH_SEARCH_PATHS = "$(inherited) @executable_path/Frameworks @loader_path/Frameworks";
				PRODUCT_BUNDLE_IDENTIFIER = me.panko.PlayingCardsTests;
				PRODUCT_NAME = "$(TARGET_NAME)";
				SWIFT_OBJC_BRIDGING_HEADER = "PlayingCardsTests/PlayingCardsTests-Bridging-Header.h";
			};
			name = Release;
		};
/* End XCBuildConfiguration section */

/* Begin XCConfigurationList section */
		E45ED9561C6FC9A700FE3B95 /* Build configuration list for PBXProject "TienLen" */ = {
			isa = XCConfigurationList;
			buildConfigurations = (
				E45ED96E1C6FC9A700FE3B95 /* Debug */,
				E45ED96F1C6FC9A700FE3B95 /* Release */,
			);
			defaultConfigurationIsVisible = 0;
			defaultConfigurationName = Release;
		};
		E45ED9701C6FC9A700FE3B95 /* Build configuration list for PBXNativeTarget "TienLen" */ = {
			isa = XCConfigurationList;
			buildConfigurations = (
				E45ED9711C6FC9A700FE3B95 /* Debug */,
				E45ED9721C6FC9A700FE3B95 /* Release */,
			);
			defaultConfigurationIsVisible = 0;
			defaultConfigurationName = Release;
		};
		E45ED9731C6FC9A700FE3B95 /* Build configuration list for PBXNativeTarget "TienLenTests" */ = {
			isa = XCConfigurationList;
			buildConfigurations = (
				E45ED9741C6FC9A700FE3B95 /* Debug */,
				E45ED9751C6FC9A700FE3B95 /* Release */,
			);
			defaultConfigurationIsVisible = 0;
			defaultConfigurationName = Release;
		};
		E45ED9A81C6FCBB700FE3B95 /* Build configuration list for PBXNativeTarget "Onward" */ = {
			isa = XCConfigurationList;
			buildConfigurations = (
				E45ED9A91C6FCBB700FE3B95 /* Debug */,
				E45ED9AA1C6FCBB700FE3B95 /* Release */,
			);
			defaultConfigurationIsVisible = 0;
			defaultConfigurationName = Release;
		};
		E45ED9AB1C6FCBB700FE3B95 /* Build configuration list for PBXNativeTarget "OnwardTests" */ = {
			isa = XCConfigurationList;
			buildConfigurations = (
				E45ED9AC1C6FCBB700FE3B95 /* Debug */,
				E45ED9AD1C6FCBB700FE3B95 /* Release */,
			);
			defaultConfigurationIsVisible = 0;
			defaultConfigurationName = Release;
		};
		E45ED9DC1C700DBE00FE3B95 /* Build configuration list for PBXNativeTarget "PlayingCards" */ = {
			isa = XCConfigurationList;
			buildConfigurations = (
				E45ED9DD1C700DBE00FE3B95 /* Debug */,
				E45ED9DE1C700DBE00FE3B95 /* Release */,
			);
			defaultConfigurationIsVisible = 0;
			defaultConfigurationName = Release;
		};
		E45ED9DF1C700DBE00FE3B95 /* Build configuration list for PBXNativeTarget "PlayingCardsTests" */ = {
			isa = XCConfigurationList;
			buildConfigurations = (
				E45ED9E01C700DBE00FE3B95 /* Debug */,
				E45ED9E11C700DBE00FE3B95 /* Release */,
			);
			defaultConfigurationIsVisible = 0;
			defaultConfigurationName = Release;
		};
/* End XCConfigurationList section */
	};
	rootObject = E45ED9531C6FC9A700FE3B95 /* Project object */;
}
